{
  "lockfileVersion": 1,
  "dependencies": {
    "bson": {
      "version": "0.5.7",
      "resolved": "https://registry.npmjs.org/bson/-/bson-0.5.7.tgz",
      "integrity": "sha512-m+VW9OUbysB6CPuaButp2Iom3B3wgTMXMOen32xGPDBQfFaxGc2S4DlUfnMbWAN7vhiZlcVCTMOvljm+LTsQWw=="
    },
    "core-util-is": {
      "version": "1.0.3",
      "resolved": "https://registry.npmjs.org/core-util-is/-/core-util-is-1.0.3.tgz",
      "integrity": "sha512-ZQBvi1DcpJ4GDqanjucZ2Hj3wEO5pZDS89BWbkcrvdxksJorwUDDZamX9ldFkp9aw2lmBDLgkObEA4DWNJ9FYQ=="
    },
    "es6-promise": {
      "version": "3.0.2",
      "resolved": "https://registry.npmjs.org/es6-promise/-/es6-promise-3.0.2.tgz",
      "integrity": "sha512-CUD62/uqeE0L+EJeypOKuFfM56CFaH4vo+++J76bff0NkeQ2bBmWVCTNxL2hj9HeCYPkof6Gqea0BSeK17gBzA=="
    },
    "flushwritable": {
      "version": "1.0.0",
      "resolved": "https://registry.npmjs.org/flushwritable/-/flushwritable-1.0.0.tgz",
      "integrity": "sha512-3VELfuWCLVzt5d2Gblk8qcqFro6nuwvxwMzHaENVDHI7rxcBRtMCwTk/E9FXcgh+82DSpavPNDueA9+RxXJoFg=="
    },
    "gridfs-stream": {
      "version": "1.1.1",
      "resolved": "https://registry.npmjs.org/gridfs-stream/-/gridfs-stream-1.1.1.tgz",
      "integrity": "sha512-EcELdPIjC7tpZUiZA/8trfmszLbcsZlFyDQ8DhMtyJIMDmuLi5Vzt/056OO6FqfvY/zwiTCo1eZAqwtqrhBGMQ=="
    },
    "inherits": {
      "version": "2.0.4",
      "resolved": "https://registry.npmjs.org/inherits/-/inherits-2.0.4.tgz",
      "integrity": "sha512-k/vGaX4/Yla3WzyMCvTQOXYeIHvqOKtnqBduzTHpzpQZzAskKMhZ2K+EnBiSM9zGSoIFeMpXKxa4dYeZIQqewQ=="
    },
    "isarray": {
      "version": "0.0.1",
      "resolved": "https://registry.npmjs.org/isarray/-/isarray-0.0.1.tgz",
      "integrity": "sha512-D2S+3GLxWH+uhrNEcoh/fnmYeP8E8/zHl644d/jdA0g2uyXvy3sb0qxotE+ne0LtccHknQzWwZEzhak7oJ0COQ=="
    },
    "mongodb": {
      "version": "2.2.4",
      "resolved": "https://registry.npmjs.org/mongodb/-/mongodb-2.2.4.tgz",
      "integrity": "sha512-XhmDp31Mb47tF4lAju3ZiCFDcb7QhU7j4AK0b2/Zj5eJZ/sJwEhjjpa1q5ZLCnYKLmSUrIyHTnIpGHl7smvYJQ=="
    },
    "mongodb-core": {
      "version": "2.0.6",
      "resolved": "https://registry.npmjs.org/mongodb-core/-/mongodb-core-2.0.6.tgz",
      "integrity": "sha512-P9nzvm7Rs6jaPJNhEfxIOSicaM4q7PMBxYH2k1T6HITlvIAWEDyY6YAp8ftthOpk9lLmtZ3Zvzh5x1g2YQNSTg=="
    },
    "readable-stream": {
      "version": "1.0.31",
      "resolved": "https://registry.npmjs.org/readable-stream/-/readable-stream-1.0.31.tgz",
      "integrity": "sha512-tco/Dwv1f/sgIgN6CWdj/restacPKNskK6yps1981ivH2ZmLYcs5o5rVzL3qaO/cSkhN8hYOMWs7+glzOLSgRg=="
    },
    "require_optional": {
      "version": "1.0.1",
      "resolved": "https://registry.npmjs.org/require_optional/-/require_optional-1.0.1.tgz",
      "integrity": "sha512-qhM/y57enGWHAe3v/NcwML6a3/vfESLe/sGM2dII+gEO0BpKRUkWZow/tyloNqJyN6kXSl3RyyM8Ll5D/sJP8g=="
    },
    "resolve-from": {
      "version": "2.0.0",
      "resolved": "https://registry.npmjs.org/resolve-from/-/resolve-from-2.0.0.tgz",
      "integrity": "sha512-qpFcKaXsq8+oRoLilkwyc7zHGF5i9Q2/25NIgLQQ/+VVv9rU4qvr6nXVAw1DsnXJyQkZsR4Ytfbtg5ehfcUssQ=="
    },
    "semver": {
      "version": "5.7.2",
      "resolved": "https://registry.npmjs.org/semver/-/semver-5.7.2.tgz",
      "integrity": "sha512-cBznnQ9KjJqU67B52RMC65CMarK2600WFnbkcaiwWq3xy/5haFJlshgnpjovMVJ+Hff49d8GEn0b87C5pDQ10g=="
    },
    "string_decoder": {
      "version": "0.10.31",
      "resolved": "https://registry.npmjs.org/string_decoder/-/string_decoder-0.10.31.tgz",
      "integrity": "sha512-ev2QzSzWPYmy9GuqfIVildA4OdcGLeFZQrq5ys6RtiuF+RQQiZWr8TZNyAcuVXyQRYfEO+MsoB/1BuQVhOJuoQ=="
    }
  }
}
